lockfileVersion: '6.0'

settings:
  autoInstallPeers: true
  excludeLinksFromLockfile: false

dependencies:
  '@hono/graphql-server':
    specifier: ^0.4.1
    version: 0.4.1(hono@3.11.8)
  '@hono/node-server':
    specifier: ^1.3.1
    version: 1.3.3
  garph:
    specifier: ^0.6.4
    version: 0.6.4(graphql@16.8.1)
  graphql-yoga:
    specifier: ^5.0.2
    version: 5.0.2(graphql@16.8.1)
  hono:
    specifier: ^3.11.4
    version: 3.11.8

devDependencies:
  tsx:
    specifier: ^4.6.2
    version: 4.6.2
  typescript:
    specifier: ^5.3.3
    version: 5.3.3

packages:

  /@envelop/core@5.0.0:
    resolution: {integrity: sha512-aJdnH/ptv+cvwfvciCBe7TSvccBwo9g0S5f6u35TBVzRVqIGkK03lFlIL+x1cnfZgN9EfR2b1PH2galrT1CdCQ==}
    engines: {node: '>=18.0.0'}
    dependencies:
      '@envelop/types': 5.0.0
      tslib: 2.6.2
    dev: false

  /@envelop/types@5.0.0:
    resolution: {integrity: sha512-IPjmgSc4KpQRlO4qbEDnBEixvtb06WDmjKfi/7fkZaryh5HuOmTtixe1EupQI5XfXO8joc3d27uUZ0QdC++euA==}
    engines: {node: '>=18.0.0'}
    dependencies:
      tslib: 2.6.2
    dev: false

  /@esbuild/android-arm64@0.18.20:
    resolution: {integrity: sha512-Nz4rJcchGDtENV0eMKUNa6L12zz2zBDXuhj/Vjh18zGqB44Bi7MBMSXjgunJgjRhCmKOjnPuZp4Mb6OKqtMHLQ==}
    engines: {node: '>=12'}
    cpu: [arm64]
    os: [android]
    requiresBuild: true
    dev: true
    optional: true

  /@esbuild/android-arm@0.18.20:
    resolution: {integrity: sha512-fyi7TDI/ijKKNZTUJAQqiG5T7YjJXgnzkURqmGj13C6dCqckZBLdl4h7bkhHt/t0WP+zO9/zwroDvANaOqO5Sw==}
    engines: {node: '>=12'}
    cpu: [arm]
    os: [android]
    requiresBuild: true
    dev: true
    optional: true

  /@esbuild/android-x64@0.18.20:
    resolution: {integrity: sha512-8GDdlePJA8D6zlZYJV/jnrRAi6rOiNaCC/JclcXpB+KIuvfBN4owLtgzY2bsxnx666XjJx2kDPUmnTtR8qKQUg==}
    engines: {node: '>=12'}
    cpu: [x64]
    os: [android]
    requiresBuild: true
    dev: true
    optional: true

  /@esbuild/darwin-arm64@0.18.20:
    resolution: {integrity: sha512-bxRHW5kHU38zS2lPTPOyuyTm+S+eobPUnTNkdJEfAddYgEcll4xkT8DB9d2008DtTbl7uJag2HuE5NZAZgnNEA==}
    engines: {node: '>=12'}
    cpu: [arm64]
    os: [darwin]
    requiresBuild: true
    dev: true
    optional: true

  /@esbuild/darwin-x64@0.18.20:
    resolution: {integrity: sha512-pc5gxlMDxzm513qPGbCbDukOdsGtKhfxD1zJKXjCCcU7ju50O7MeAZ8c4krSJcOIJGFR+qx21yMMVYwiQvyTyQ==}
    engines: {node: '>=12'}
    cpu: [x64]
    os: [darwin]
    requiresBuild: true
    dev: true
    optional: true

  /@esbuild/freebsd-arm64@0.18.20:
    resolution: {integrity: sha512-yqDQHy4QHevpMAaxhhIwYPMv1NECwOvIpGCZkECn8w2WFHXjEwrBn3CeNIYsibZ/iZEUemj++M26W3cNR5h+Tw==}
    engines: {node: '>=12'}
    cpu: [arm64]
    os: [freebsd]
    requiresBuild: true
    dev: true
    optional: true

  /@esbuild/freebsd-x64@0.18.20:
    resolution: {integrity: sha512-tgWRPPuQsd3RmBZwarGVHZQvtzfEBOreNuxEMKFcd5DaDn2PbBxfwLcj4+aenoh7ctXcbXmOQIn8HI6mCSw5MQ==}
    engines: {node: '>=12'}
    cpu: [x64]
    os: [freebsd]
    requiresBuild: true
    dev: true
    optional: true

  /@esbuild/linux-arm64@0.18.20:
    resolution: {integrity: sha512-2YbscF+UL7SQAVIpnWvYwM+3LskyDmPhe31pE7/aoTMFKKzIc9lLbyGUpmmb8a8AixOL61sQ/mFh3jEjHYFvdA==}
    engines: {node: '>=12'}
    cpu: [arm64]
    os: [linux]
    requiresBuild: true
    dev: true
    optional: true

  /@esbuild/linux-arm@0.18.20:
    resolution: {integrity: sha512-/5bHkMWnq1EgKr1V+Ybz3s1hWXok7mDFUMQ4cG10AfW3wL02PSZi5kFpYKrptDsgb2WAJIvRcDm+qIvXf/apvg==}
    engines: {node: '>=12'}
    cpu: [arm]
    os: [linux]
    requiresBuild: true
    dev: true
    optional: true

  /@esbuild/linux-ia32@0.18.20:
    resolution: {integrity: sha512-P4etWwq6IsReT0E1KHU40bOnzMHoH73aXp96Fs8TIT6z9Hu8G6+0SHSw9i2isWrD2nbx2qo5yUqACgdfVGx7TA==}
    engines: {node: '>=12'}
    cpu: [ia32]
    os: [linux]
    requiresBuild: true
    dev: true
    optional: true

  /@esbuild/linux-loong64@0.18.20:
    resolution: {integrity: sha512-nXW8nqBTrOpDLPgPY9uV+/1DjxoQ7DoB2N8eocyq8I9XuqJ7BiAMDMf9n1xZM9TgW0J8zrquIb/A7s3BJv7rjg==}
    engines: {node: '>=12'}
    cpu: [loong64]
    os: [linux]
    requiresBuild: true
    dev: true
    optional: true

  /@esbuild/linux-mips64el@0.18.20:
    resolution: {integrity: sha512-d5NeaXZcHp8PzYy5VnXV3VSd2D328Zb+9dEq5HE6bw6+N86JVPExrA6O68OPwobntbNJ0pzCpUFZTo3w0GyetQ==}
    engines: {node: '>=12'}
    cpu: [mips64el]
    os: [linux]
    requiresBuild: true
    dev: true
    optional: true

  /@esbuild/linux-ppc64@0.18.20:
    resolution: {integrity: sha512-WHPyeScRNcmANnLQkq6AfyXRFr5D6N2sKgkFo2FqguP44Nw2eyDlbTdZwd9GYk98DZG9QItIiTlFLHJHjxP3FA==}
    engines: {node: '>=12'}
    cpu: [ppc64]
    os: [linux]
    requiresBuild: true
    dev: true
    optional: true

  /@esbuild/linux-riscv64@0.18.20:
    resolution: {integrity: sha512-WSxo6h5ecI5XH34KC7w5veNnKkju3zBRLEQNY7mv5mtBmrP/MjNBCAlsM2u5hDBlS3NGcTQpoBvRzqBcRtpq1A==}
    engines: {node: '>=12'}
    cpu: [riscv64]
    os: [linux]
    requiresBuild: true
    dev: true
    optional: true

  /@esbuild/linux-s390x@0.18.20:
    resolution: {integrity: sha512-+8231GMs3mAEth6Ja1iK0a1sQ3ohfcpzpRLH8uuc5/KVDFneH6jtAJLFGafpzpMRO6DzJ6AvXKze9LfFMrIHVQ==}
    engines: {node: '>=12'}
    cpu: [s390x]
    os: [linux]
    requiresBuild: true
    dev: true
    optional: true

  /@esbuild/linux-x64@0.18.20:
    resolution: {integrity: sha512-UYqiqemphJcNsFEskc73jQ7B9jgwjWrSayxawS6UVFZGWrAAtkzjxSqnoclCXxWtfwLdzU+vTpcNYhpn43uP1w==}
    engines: {node: '>=12'}
    cpu: [x64]
    os: [linux]
    requiresBuild: true
    dev: true
    optional: true

  /@esbuild/netbsd-x64@0.18.20:
    resolution: {integrity: sha512-iO1c++VP6xUBUmltHZoMtCUdPlnPGdBom6IrO4gyKPFFVBKioIImVooR5I83nTew5UOYrk3gIJhbZh8X44y06A==}
    engines: {node: '>=12'}
    cpu: [x64]
    os: [netbsd]
    requiresBuild: true
    dev: true
    optional: true

  /@esbuild/openbsd-x64@0.18.20:
    resolution: {integrity: sha512-e5e4YSsuQfX4cxcygw/UCPIEP6wbIL+se3sxPdCiMbFLBWu0eiZOJ7WoD+ptCLrmjZBK1Wk7I6D/I3NglUGOxg==}
    engines: {node: '>=12'}
    cpu: [x64]
    os: [openbsd]
    requiresBuild: true
    dev: true
    optional: true

  /@esbuild/sunos-x64@0.18.20:
    resolution: {integrity: sha512-kDbFRFp0YpTQVVrqUd5FTYmWo45zGaXe0X8E1G/LKFC0v8x0vWrhOWSLITcCn63lmZIxfOMXtCfti/RxN/0wnQ==}
    engines: {node: '>=12'}
    cpu: [x64]
    os: [sunos]
    requiresBuild: true
    dev: true
    optional: true

  /@esbuild/win32-arm64@0.18.20:
    resolution: {integrity: sha512-ddYFR6ItYgoaq4v4JmQQaAI5s7npztfV4Ag6NrhiaW0RrnOXqBkgwZLofVTlq1daVTQNhtI5oieTvkRPfZrePg==}
    engines: {node: '>=12'}
    cpu: [arm64]
    os: [win32]
    requiresBuild: true
    dev: true
    optional: true

  /@esbuild/win32-ia32@0.18.20:
    resolution: {integrity: sha512-Wv7QBi3ID/rROT08SABTS7eV4hX26sVduqDOTe1MvGMjNd3EjOz4b7zeexIR62GTIEKrfJXKL9LFxTYgkyeu7g==}
    engines: {node: '>=12'}
    cpu: [ia32]
    os: [win32]
    requiresBuild: true
    dev: true
    optional: true

  /@esbuild/win32-x64@0.18.20:
    resolution: {integrity: sha512-kTdfRcSiDfQca/y9QIkng02avJ+NCaQvrMejlsB3RRv5sE9rRoeBPISaZpKxHELzRxZyLvNts1P27W3wV+8geQ==}
    engines: {node: '>=12'}
    cpu: [x64]
    os: [win32]
    requiresBuild: true
    dev: true
    optional: true

  /@graphql-tools/executor@1.2.0(graphql@16.8.1):
    resolution: {integrity: sha512-SKlIcMA71Dha5JnEWlw4XxcaJ+YupuXg0QCZgl2TOLFz4SkGCwU/geAsJvUJFwK2RbVLpQv/UMq67lOaBuwDtg==}
    engines: {node: '>=16.0.0'}
    peerDependencies:
      graphql: ^14.0.0 || ^15.0.0 || ^16.0.0 || ^17.0.0
    dependencies:
      '@graphql-tools/utils': 10.0.11(graphql@16.8.1)
      '@graphql-typed-document-node/core': 3.2.0(graphql@16.8.1)
      '@repeaterjs/repeater': 3.0.5
      graphql: 16.8.1
      tslib: 2.6.2
      value-or-promise: 1.0.12
    dev: false

  /@graphql-tools/merge@9.0.1(graphql@16.8.1):
    resolution: {integrity: sha512-hIEExWO9fjA6vzsVjJ3s0cCQ+Q/BEeMVJZtMXd7nbaVefVy0YDyYlEkeoYYNV3NVVvu1G9lr6DM1Qd0DGo9Caw==}
    engines: {node: '>=16.0.0'}
    peerDependencies:
      graphql: ^14.0.0 || ^15.0.0 || ^16.0.0 || ^17.0.0
    dependencies:
      '@graphql-tools/utils': 10.0.11(graphql@16.8.1)
      graphql: 16.8.1
      tslib: 2.6.2
    dev: false

  /@graphql-tools/schema@10.0.2(graphql@16.8.1):
    resolution: {integrity: sha512-TbPsIZnWyDCLhgPGnDjt4hosiNU2mF/rNtSk5BVaXWnZqvKJ6gzJV4fcHcvhRIwtscDMW2/YTnK6dLVnk8pc4w==}
    engines: {node: '>=16.0.0'}
    peerDependencies:
      graphql: ^14.0.0 || ^15.0.0 || ^16.0.0 || ^17.0.0
    dependencies:
      '@graphql-tools/merge': 9.0.1(graphql@16.8.1)
      '@graphql-tools/utils': 10.0.11(graphql@16.8.1)
      graphql: 16.8.1
      tslib: 2.6.2
      value-or-promise: 1.0.12
    dev: false

  /@graphql-tools/utils@10.0.11(graphql@16.8.1):
    resolution: {integrity: sha512-vVjXgKn6zjXIlYBd7yJxCVMYGb5j18gE3hx3Qw3mNsSEsYQXbJbPdlwb7Fc9FogsJei5AaqiQerqH4kAosp1nQ==}
    engines: {node: '>=16.0.0'}
    peerDependencies:
      graphql: ^14.0.0 || ^15.0.0 || ^16.0.0 || ^17.0.0
    dependencies:
      '@graphql-typed-document-node/core': 3.2.0(graphql@16.8.1)
      cross-inspect: 1.0.0
      dset: 3.1.3
      graphql: 16.8.1
      tslib: 2.6.2
    dev: false

  /@graphql-typed-document-node/core@3.2.0(graphql@16.8.1):
    resolution: {integrity: sha512-mB9oAsNCm9aM3/SOv4YtBMqZbYj10R7dkq8byBqxGY/ncFwhf2oQzMV+LCRlWoDSEBJ3COiR1yeDvMtsoOsuFQ==}
    peerDependencies:
      graphql: ^0.8.0 || ^0.9.0 || ^0.10.0 || ^0.11.0 || ^0.12.0 || ^0.13.0 || ^14.0.0 || ^15.0.0 || ^16.0.0 || ^17.0.0
    dependencies:
      graphql: 16.8.1
    dev: false

  /@graphql-yoga/logger@2.0.0:
    resolution: {integrity: sha512-Mg8psdkAp+YTG1OGmvU+xa6xpsAmSir0hhr3yFYPyLNwzUj95DdIwsMpKadDj9xDpYgJcH3Hp/4JMal9DhQimA==}
    engines: {node: '>=18.0.0'}
    dependencies:
      tslib: 2.6.2
    dev: false

  /@graphql-yoga/subscription@5.0.0:
    resolution: {integrity: sha512-Ri7sK8hmxd/kwaEa0YT8uqQUb2wOLsmBMxI90QDyf96lzOMJRgBuNYoEkU1pSgsgmW2glceZ96sRYfaXqwVxUw==}
    engines: {node: '>=18.0.0'}
    dependencies:
      '@graphql-yoga/typed-event-target': 3.0.0
      '@repeaterjs/repeater': 3.0.5
      '@whatwg-node/events': 0.1.1
      tslib: 2.6.2
    dev: false

  /@graphql-yoga/typed-event-target@3.0.0:
    resolution: {integrity: sha512-w+liuBySifrstuHbFrHoHAEyVnDFVib+073q8AeAJ/qqJfvFvAwUPLLtNohR/WDVRgSasfXtl3dcNuVJWN+rjg==}
    engines: {node: '>=18.0.0'}
    dependencies:
      '@repeaterjs/repeater': 3.0.5
      tslib: 2.6.2
    dev: false

  /@hono/graphql-server@0.4.1(hono@3.11.8):
    resolution: {integrity: sha512-lp27VsxyakfBH+tgUaLaed6ivGfTa0r80jlszJS84/7qGy2+1MGnLl5N5GJImyOxy7VVEky1JVvLxnRap7KA3w==}
    engines: {node: '>=16.0.0'}
    peerDependencies:
      hono: ^3.0.0
    dependencies:
      graphql: 16.8.1
      hono: 3.11.8
    dev: false

  /@hono/node-server@1.3.3:
    resolution: {integrity: sha512-zD+TJvSBb5rqx5KSRlpoxNM3ESC8JU3pdecNZc2nK/TJSt88Ae/ko2nKnzYqX2IDegc+4hxLs8CW92B683C2VQ==}
    engines: {node: '>=18.14.1'}
    dev: false

  /@kamilkisiela/fast-url-parser@1.1.4:
    resolution: {integrity: sha512-gbkePEBupNydxCelHCESvFSFM8XPh1Zs/OAVRW/rKpEqPAl5PbOM90Si8mv9bvnR53uPD2s/FiRxdvSejpRJew==}
    dev: false

  /@repeaterjs/repeater@3.0.5:
    resolution: {integrity: sha512-l3YHBLAol6d/IKnB9LhpD0cEZWAoe3eFKUyTYWmFmCO2Q/WOckxLQAUyMZWwZV2M/m3+4vgRoaolFqaII82/TA==}
    dev: false

  /@whatwg-node/events@0.1.1:
    resolution: {integrity: sha512-AyQEn5hIPV7Ze+xFoXVU3QTHXVbWPrzaOkxtENMPMuNL6VVHrp4hHfDt9nrQpjO7BgvuM95dMtkycX5M/DZR3w==}
    engines: {node: '>=16.0.0'}
    dev: false

  /@whatwg-node/fetch@0.9.14:
    resolution: {integrity: sha512-wurZC82zzZwXRDSW0OS9l141DynaJQh7Yt0FD1xZ8niX7/Et/7RoiLiltbVU1fSF1RR9z6ndEaTUQBAmddTm1w==}
    engines: {node: '>=16.0.0'}
    dependencies:
      '@whatwg-node/node-fetch': 0.5.3
      urlpattern-polyfill: 9.0.0
    dev: false

  /@whatwg-node/node-fetch@0.5.3:
    resolution: {integrity: sha512-toMC8N53RxgprcuU7Fc05KOrJhZV49njJCHPZvXBsjZMQBKrDm9o14Y56CsrUC85cvjQu862MaYOjd8rKgHdDw==}
    engines: {node: '>=16.0.0'}
    dependencies:
      '@kamilkisiela/fast-url-parser': 1.1.4
      '@whatwg-node/events': 0.1.1
      busboy: 1.6.0
      fast-querystring: 1.1.2
      tslib: 2.6.2
    dev: false

  /@whatwg-node/server@0.9.22:
    resolution: {integrity: sha512-DDzJtPnQj+HzxseHcSqA/u6TwqNCDB90chrabN1UznpIGOkeA4mpR1LF/zDzqcgjBA/TjFkSeHItwOyl+6FfWw==}
    engines: {node: '>=16.0.0'}
    dependencies:
      '@whatwg-node/fetch': 0.9.14
      tslib: 2.6.2
    dev: false

  /busboy@1.6.0:
    resolution: {integrity: sha512-8SFQbg/0hQ9xy3UNTB0YEnsNBbWfhf7RtnzpL7TkBiTBRfrQ9Fxcnz7VJsleJpyp6rVLvXiuORqjlHi5q+PYuA==}
    engines: {node: '>=10.16.0'}
    dependencies:
      streamsearch: 1.1.0
    dev: false

  /cross-inspect@1.0.0:
    resolution: {integrity: sha512-4PFfn4b5ZN6FMNGSZlyb7wUhuN8wvj8t/VQHZdM4JsDcruGJ8L2kf9zao98QIrBPFCpdk27qst/AGTl7pL3ypQ==}
    engines: {node: '>=16.0.0'}
    dependencies:
      tslib: 2.6.2
    dev: false

  /dset@3.1.3:
    resolution: {integrity: sha512-20TuZZHCEZ2O71q9/+8BwKwZ0QtD9D8ObhrihJPr+vLLYlSuAU3/zL4cSlgbfeoGHTjCSJBa7NGcrF9/Bx/WJQ==}
    engines: {node: '>=4'}
    dev: false

  /esbuild@0.18.20:
    resolution: {integrity: sha512-ceqxoedUrcayh7Y7ZX6NdbbDzGROiyVBgC4PriJThBKSVPWnnFHZAkfI1lJT8QFkOwH4qOS2SJkS4wvpGl8BpA==}
    engines: {node: '>=12'}
    hasBin: true
    requiresBuild: true
    optionalDependencies:
      '@esbuild/android-arm': 0.18.20
      '@esbuild/android-arm64': 0.18.20
      '@esbuild/android-x64': 0.18.20
      '@esbuild/darwin-arm64': 0.18.20
      '@esbuild/darwin-x64': 0.18.20
      '@esbuild/freebsd-arm64': 0.18.20
      '@esbuild/freebsd-x64': 0.18.20
      '@esbuild/linux-arm': 0.18.20
      '@esbuild/linux-arm64': 0.18.20
      '@esbuild/linux-ia32': 0.18.20
      '@esbuild/linux-loong64': 0.18.20
      '@esbuild/linux-mips64el': 0.18.20
      '@esbuild/linux-ppc64': 0.18.20
      '@esbuild/linux-riscv64': 0.18.20
      '@esbuild/linux-s390x': 0.18.20
      '@esbuild/linux-x64': 0.18.20
      '@esbuild/netbsd-x64': 0.18.20
      '@esbuild/openbsd-x64': 0.18.20
      '@esbuild/sunos-x64': 0.18.20
      '@esbuild/win32-arm64': 0.18.20
      '@esbuild/win32-ia32': 0.18.20
      '@esbuild/win32-x64': 0.18.20
    dev: true

  /fast-decode-uri-component@1.0.1:
    resolution: {integrity: sha512-WKgKWg5eUxvRZGwW8FvfbaH7AXSh2cL+3j5fMGzUMCxWBJ3dV3a7Wz8y2f/uQ0e3B6WmodD3oS54jTQ9HVTIIg==}
    dev: false

  /fast-querystring@1.1.2:
    resolution: {integrity: sha512-g6KuKWmFXc0fID8WWH0jit4g0AGBoJhCkJMb1RmbsSEUNvQ+ZC8D6CUZ+GtF8nMzSPXnhiePyyqqipzNNEnHjg==}
    dependencies:
      fast-decode-uri-component: 1.0.1
    dev: false

  /fsevents@2.3.3:
    resolution: {integrity: sha512-5xoDfX+fL7faATnagmWPpbFtwh/R77WmMMqqHGS65C3vvB0YHrgF+B1YmZ3441tMj5n63k0212XNoJwzlhffQw==}
    engines: {node: ^8.16.0 || ^10.6.0 || >=11.0.0}
    os: [darwin]
    requiresBuild: true
    dev: true
    optional: true

  /garph@0.6.4(graphql@16.8.1):
    resolution: {integrity: sha512-K3fAgEXXwK3ofjfGJ00hYkdemzV5EFKMt1Aa9A/BVEh4InjXa1xnFVoRVR7oQQ6QNskoUlMnW97ID4Yj29ELlg==}
    dependencies:
      graphql-compose: 9.0.10(graphql@16.8.1)
      single-user-cache: 0.6.0
    transitivePeerDependencies:
      - graphql
    dev: false

  /get-tsconfig@4.7.2:
    resolution: {integrity: sha512-wuMsz4leaj5hbGgg4IvDU0bqJagpftG5l5cXIAvo8uZrqn0NJqwtfupTN00VnkQJPcIRrxYrm1Ue24btpCha2A==}
    dependencies:
      resolve-pkg-maps: 1.0.0
    dev: true

  /graphql-compose@9.0.10(graphql@16.8.1):
    resolution: {integrity: sha512-UsVoxfi2+c8WbHl2pEB+teoRRZoY4mbWBoijeLDGpAZBSPChnqtSRjp+T9UcouLCwGr5ooNyOQLoI3OVzU1bPQ==}
    peerDependencies:
      graphql: ^14.2.0 || ^15.0.0 || ^16.0.0
    dependencies:
      graphql: 16.8.1
      graphql-type-json: 0.3.2(graphql@16.8.1)
    dev: false

  /graphql-type-json@0.3.2(graphql@16.8.1):
    resolution: {integrity: sha512-J+vjof74oMlCWXSvt0DOf2APEdZOCdubEvGDUAlqH//VBYcOYsGgRW7Xzorr44LvkjiuvecWc8fChxuZZbChtg==}
    peerDependencies:
      graphql: '>=0.8.0'
    dependencies:
      graphql: 16.8.1
    dev: false

  /graphql-yoga@5.0.2(graphql@16.8.1):
    resolution: {integrity: sha512-+r0aZ5sBQaWTFEwmDdPR+XcsYaIIh40IA34F7rhnyY57KXgs18ZkCZ9NPvfi6XEuqkHEvc2PFox05c5NRSJ26g==}
    engines: {node: '>=18.0.0'}
    peerDependencies:
      graphql: ^15.2.0 || ^16.0.0
    dependencies:
      '@envelop/core': 5.0.0
      '@graphql-tools/executor': 1.2.0(graphql@16.8.1)
      '@graphql-tools/schema': 10.0.2(graphql@16.8.1)
      '@graphql-tools/utils': 10.0.11(graphql@16.8.1)
      '@graphql-yoga/logger': 2.0.0
      '@graphql-yoga/subscription': 5.0.0
      '@whatwg-node/fetch': 0.9.14
      '@whatwg-node/server': 0.9.22
      dset: 3.1.3
      graphql: 16.8.1
      lru-cache: 10.1.0
      tslib: 2.6.2
    dev: false

  /graphql@16.8.1:
    resolution: {integrity: sha512-59LZHPdGZVh695Ud9lRzPBVTtlX9ZCV150Er2W43ro37wVof0ctenSaskPPjN7lVTIN8mSZt8PHUNKZuNQUuxw==}
    engines: {node: ^12.22.0 || ^14.16.0 || ^16.0.0 || >=17.0.0}
    dev: false

  /hono@3.11.8:
    resolution: {integrity: sha512-s+7FDN0CS0lAvooyj4oQw0PyEec7I+YuVg40gtFHuUrfHBEhKITrLu4dskTdeYn0Xvhbz7s4yRJebJx6gCN/5Q==}
    engines: {node: '>=16.0.0'}
    dev: false

  /lru-cache@10.1.0:
    resolution: {integrity: sha512-/1clY/ui8CzjKFyjdvwPWJUYKiFVXG2I2cY0ssG7h4+hwk+XOIX7ZSG9Q7TW8TW3Kp3BUSqgFWBLgL4PJ+Blag==}
    engines: {node: 14 || >=16.14}
    dev: false

  /resolve-pkg-maps@1.0.0:
    resolution: {integrity: sha512-seS2Tj26TBVOC2NIc2rOe2y2ZO7efxITtLZcGSOnHHNOQ7CkiUBfw0Iw2ck6xkIhPwLhKNLS8BO+hEpngQlqzw==}
    dev: true

  /safe-stable-stringify@2.4.3:
    resolution: {integrity: sha512-e2bDA2WJT0wxseVd4lsDP4+3ONX6HpMXQa1ZhFQ7SU+GjvORCmShbCMltrtIDfkYhVHrOcPtj+KhmDBdPdZD1g==}
    engines: {node: '>=10'}
    dev: false

  /single-user-cache@0.6.0:
    resolution: {integrity: sha512-uMrANoiybpbsrVDbZ2M7GPzxeqZiirwkVnsDAre1zGhXAAw+2dImTxu7h0l1sIVtwGeJnVsRxgG4I5rZrUX0rw==}
    dependencies:
      safe-stable-stringify: 2.4.3
    dev: false

  /streamsearch@1.1.0:
    resolution: {integrity: sha512-Mcc5wHehp9aXz1ax6bZUyY5afg9u2rv5cqQI3mRrYkGC8rW2hM02jWuwjtL++LS5qinSyhj2QfLyNsuc+VsExg==}
    engines: {node: '>=10.0.0'}
    dev: false

  /tslib@2.6.2:
    resolution: {integrity: sha512-AEYxH93jGFPn/a2iVAwW87VuUIkR1FVUKB77NwMF7nBTDkDrrT/Hpt/IrCJ0QXhW27jTBDcf5ZY7w6RiqTMw2Q==}
    dev: false

  /tsx@4.6.2:
    resolution: {integrity: sha512-QPpBdJo+ZDtqZgAnq86iY/PD2KYCUPSUGIunHdGwyII99GKH+f3z3FZ8XNFLSGQIA4I365ui8wnQpl8OKLqcsg==}
    engines: {node: '>=18.0.0'}
    hasBin: true
    dependencies:
      esbuild: 0.18.20
      get-tsconfig: 4.7.2
    optionalDependencies:
      fsevents: 2.3.3
    dev: true

  /typescript@5.3.3:
    resolution: {integrity: sha512-pXWcraxM0uxAS+tN0AG/BF2TyqmHO014Z070UsJ+pFvYuRSq8KH8DmWpnbXe0pEPDHXZV3FcAbJkijJ5oNEnWw==}
    engines: {node: '>=14.17'}
    hasBin: true
    dev: true

  /urlpattern-polyfill@9.0.0:
    resolution: {integrity: sha512-WHN8KDQblxd32odxeIgo83rdVDE2bvdkb86it7bMhYZwWKJz0+O0RK/eZiHYnM+zgt/U7hAHOlCQGfjjvSkw2g==}
    dev: false

  /value-or-promise@1.0.12:
    resolution: {integrity: sha512-Z6Uz+TYwEqE7ZN50gwn+1LCVo9ZVrpxRPOhOLnncYkY1ZzOYtrX8Fwf/rFktZ8R5mJms6EZf5TqNOMeZmnPq9Q==}
    engines: {node: '>=12'}
    dev: false
